// !$*UTF8*$!
{
	archiveVersion = 1;
	classes = {
	};
	objectVersion = 51;
	objects = {

/* Begin PBXBuildFile section */
		14911C780ACC78B90FFEC757 /* Pods_D2020Tests.framework in Frameworks */ = {isa = PBXBuildFile; fileRef = 12FD51A42CEB20ABEB380F27 /* Pods_D2020Tests.framework */; };
		68A02215F6D35C0249C29BB4 /* Pods_D2020_D2020UITests.framework in Frameworks */ = {isa = PBXBuildFile; fileRef = EA0C41DCE1722708DF0B920F /* Pods_D2020_D2020UITests.framework */; };
		69D45F962A7BD3B1C43FE21B /* Pods_D2020.framework in Frameworks */ = {isa = PBXBuildFile; fileRef = B8587BA1E7C6C867AAED2A96 /* Pods_D2020.framework */; };
		D957646926824DBE00CD748F /* APIConstant.swift in Sources */ = {isa = PBXBuildFile; fileRef = D957646826824DBE00CD748F /* APIConstant.swift */; };
		D957646C26824F1A00CD748F /* LoginResponse.swift in Sources */ = {isa = PBXBuildFile; fileRef = D957646B26824F1A00CD748F /* LoginResponse.swift */; };
		D957646E268256B800CD748F /* UserDefaultKeys.swift in Sources */ = {isa = PBXBuildFile; fileRef = D957646D268256B800CD748F /* UserDefaultKeys.swift */; };
		D9901E0B269C94B000F631CA /* LanguageHandler.swift in Sources */ = {isa = PBXBuildFile; fileRef = D9901E0A269C94B000F631CA /* LanguageHandler.swift */; };
		D9CF8555269E346E0016992B /* UpdateProfileResponse.swift in Sources */ = {isa = PBXBuildFile; fileRef = D9CF8554269E346E0016992B /* UpdateProfileResponse.swift */; };
		FA084068269B6C3800B6363C /* SavedStores.swift in Sources */ = {isa = PBXBuildFile; fileRef = FA084067269B6C3800B6363C /* SavedStores.swift */; };
		FA0840A7269B81E200B6363C /* SelectMapVC.swift in Sources */ = {isa = PBXBuildFile; fileRef = FA0840A6269B81E200B6363C /* SelectMapVC.swift */; };
		FA09B15F266332A20078DCC0 /* loginViewController.swift in Sources */ = {isa = PBXBuildFile; fileRef = FA09B15E266332A20078DCC0 /* loginViewController.swift */; };
		FA0AAF2326646963005E9E35 /* Store.storyboard in Resources */ = {isa = PBXBuildFile; fileRef = FA0AAF2226646963005E9E35 /* Store.storyboard */; };
		FA0AAF2F26646BDE005E9E35 /* Localization.swift in Sources */ = {isa = PBXBuildFile; fileRef = FA0AAF2E26646BDE005E9E35 /* Localization.swift */; };
		FA0AAF3426655436005E9E35 /* Home.storyboard in Resources */ = {isa = PBXBuildFile; fileRef = FA0AAF3326655435005E9E35 /* Home.storyboard */; };
		FA0AAF3926655BA3005E9E35 /* UploadForStoreVC.swift in Sources */ = {isa = PBXBuildFile; fileRef = FA0AAF3826655BA3005E9E35 /* UploadForStoreVC.swift */; };
		FA0AAF3E26655BEA005E9E35 /* UploadForMandoopVC.swift in Sources */ = {isa = PBXBuildFile; fileRef = FA0AAF3D26655BEA005E9E35 /* UploadForMandoopVC.swift */; };
		FA0AAF4326655D31005E9E35 /* SigninVC.swift in Sources */ = {isa = PBXBuildFile; fileRef = FA0AAF4226655D31005E9E35 /* SigninVC.swift */; };
		FA0AAF4826655F02005E9E35 /* HomeVC.swift in Sources */ = {isa = PBXBuildFile; fileRef = FA0AAF4726655F02005E9E35 /* HomeVC.swift */; };
		FA0AAF5426657BF0005E9E35 /* SliderCell.swift in Sources */ = {isa = PBXBuildFile; fileRef = FA0AAF5226657BF0005E9E35 /* SliderCell.swift */; };
		FA0AAF5526657BF0005E9E35 /* SliderCell.xib in Resources */ = {isa = PBXBuildFile; fileRef = FA0AAF5326657BF0005E9E35 /* SliderCell.xib */; };
		FA122C44268AC000008BCA3C /* Categories.swift in Sources */ = {isa = PBXBuildFile; fileRef = FA122C43268AC000008BCA3C /* Categories.swift */; };
		FA122C64268ADD5A008BCA3C /* SubCategories.swift in Sources */ = {isa = PBXBuildFile; fileRef = FA122C63268ADD5A008BCA3C /* SubCategories.swift */; };
		FA122C75268AEAC3008BCA3C /* Stores.swift in Sources */ = {isa = PBXBuildFile; fileRef = FA122C74268AEAC3008BCA3C /* Stores.swift */; };
		FA122C80268AFFA0008BCA3C /* SubCategoryStores.swift in Sources */ = {isa = PBXBuildFile; fileRef = FA122C7F268AFFA0008BCA3C /* SubCategoryStores.swift */; };
		FA17AB67267DB4B700F02F03 /* WorkTimeVC.swift in Sources */ = {isa = PBXBuildFile; fileRef = FA17AB66267DB4B700F02F03 /* WorkTimeVC.swift */; };
		FA17AB6D267DC3CD00F02F03 /* WorkTimeCell.swift in Sources */ = {isa = PBXBuildFile; fileRef = FA17AB6B267DC3CD00F02F03 /* WorkTimeCell.swift */; };
		FA17AB6E267DC3CD00F02F03 /* WorkTimeCell.xib in Resources */ = {isa = PBXBuildFile; fileRef = FA17AB6C267DC3CD00F02F03 /* WorkTimeCell.xib */; };
		FA21A56326628A710085CA25 /* cairo-a93e41191f in Resources */ = {isa = PBXBuildFile; fileRef = FA21A56226628A710085CA25 /* cairo-a93e41191f */; };
		FA21A56C26628BCF0085CA25 /* CountryCell.swift in Sources */ = {isa = PBXBuildFile; fileRef = FA21A56A26628BCF0085CA25 /* CountryCell.swift */; };
		FA21A56D26628BCF0085CA25 /* CountryCell.xib in Resources */ = {isa = PBXBuildFile; fileRef = FA21A56B26628BCF0085CA25 /* CountryCell.xib */; };
		FA21A57226628D150085CA25 /* LanguageController.swift in Sources */ = {isa = PBXBuildFile; fileRef = FA21A57126628D150085CA25 /* LanguageController.swift */; };
		FA273C7B267B20AA0060A32D /* ServiceCell.swift in Sources */ = {isa = PBXBuildFile; fileRef = FA273C79267B20AA0060A32D /* ServiceCell.swift */; };
		FA273C7C267B20AA0060A32D /* ServiceCell.xib in Resources */ = {isa = PBXBuildFile; fileRef = FA273C7A267B20AA0060A32D /* ServiceCell.xib */; };
		FA27C83F267A7DF400EFC09B /* Premium.storyboard in Resources */ = {isa = PBXBuildFile; fileRef = FA27C83E267A7DF400EFC09B /* Premium.storyboard */; };
		FA2DC2BC267F674E004FBF9E /* ContactVC.swift in Sources */ = {isa = PBXBuildFile; fileRef = FA2DC2BB267F674E004FBF9E /* ContactVC.swift */; };
		FA2DC2C2267F6E14004FBF9E /* ContactCell.swift in Sources */ = {isa = PBXBuildFile; fileRef = FA2DC2C0267F6E14004FBF9E /* ContactCell.swift */; };
		FA2DC2C3267F6E14004FBF9E /* ContactCell.xib in Resources */ = {isa = PBXBuildFile; fileRef = FA2DC2C1267F6E14004FBF9E /* ContactCell.xib */; };
		FA2DC3992680531C004FBF9E /* CoreLocation.framework in Frameworks */ = {isa = PBXBuildFile; fileRef = FA2DC3982680531C004FBF9E /* CoreLocation.framework */; };
		FA2DC39B268054E2004FBF9E /* MapVC.swift in Sources */ = {isa = PBXBuildFile; fileRef = FA2DC39A268054E2004FBF9E /* MapVC.swift */; };
		FA30256926799C09000E0DC8 /* ProductCell.swift in Sources */ = {isa = PBXBuildFile; fileRef = FA30256726799C09000E0DC8 /* ProductCell.swift */; };
		FA30256A26799C09000E0DC8 /* ProductCell.xib in Resources */ = {isa = PBXBuildFile; fileRef = FA30256826799C09000E0DC8 /* ProductCell.xib */; };
		FA49EFFD266B49E300215EFE /* Category.storyboard in Resources */ = {isa = PBXBuildFile; fileRef = FA49EFFC266B49E300215EFE /* Category.storyboard */; };
		FA4AF3BB26992C7C00DC8296 /* ChangePasswordVC.swift in Sources */ = {isa = PBXBuildFile; fileRef = FA4AF3BA26992C7C00DC8296 /* ChangePasswordVC.swift */; };
		FA4AF3C826992DB300DC8296 /* UpdatePassword.swift in Sources */ = {isa = PBXBuildFile; fileRef = FA4AF3C726992DB300DC8296 /* UpdatePassword.swift */; };
		FA502B502683AF2A005A61DD /* ProfileVC.swift in Sources */ = {isa = PBXBuildFile; fileRef = FA502B4F2683AF2A005A61DD /* ProfileVC.swift */; };
		FA502B582683ED64005A61DD /* Cities.swift in Sources */ = {isa = PBXBuildFile; fileRef = FA502B572683ED64005A61DD /* Cities.swift */; };
		FA59631F26611FCF00A8C119 /* SceneDelegate.swift in Sources */ = {isa = PBXBuildFile; fileRef = FA59631E26611FCF00A8C119 /* SceneDelegate.swift */; };
		FA59632626611FD200A8C119 /* Assets.xcassets in Resources */ = {isa = PBXBuildFile; fileRef = FA59632526611FD200A8C119 /* Assets.xcassets */; };
		FA59632926611FD200A8C119 /* LaunchScreen.storyboard in Resources */ = {isa = PBXBuildFile; fileRef = FA59632726611FD200A8C119 /* LaunchScreen.storyboard */; };
		FA59633426611FD300A8C119 /* D2020Tests.swift in Sources */ = {isa = PBXBuildFile; fileRef = FA59633326611FD300A8C119 /* D2020Tests.swift */; };
		FA59633F26611FD300A8C119 /* D2020UITests.swift in Sources */ = {isa = PBXBuildFile; fileRef = FA59633E26611FD300A8C119 /* D2020UITests.swift */; };
		FA59635C26612D0A00A8C119 /* BaseController.swift in Sources */ = {isa = PBXBuildFile; fileRef = FA59635B26612D0A00A8C119 /* BaseController.swift */; };
		FA5963912661493400A8C119 /* AppDelegate.swift in Sources */ = {isa = PBXBuildFile; fileRef = FA5963902661493400A8C119 /* AppDelegate.swift */; };
		FA596396266155D700A8C119 /* Auth.storyboard in Resources */ = {isa = PBXBuildFile; fileRef = FA596395266155D700A8C119 /* Auth.storyboard */; };
		FA5963A226616F1700A8C119 /* SplashController.swift in Sources */ = {isa = PBXBuildFile; fileRef = FA5963A126616F1700A8C119 /* SplashController.swift */; };
		FA5963B52661930000A8C119 /* SecondSplashController.swift in Sources */ = {isa = PBXBuildFile; fileRef = FA5963B42661930000A8C119 /* SecondSplashController.swift */; };
		FA611DFB267A802700A3AD3B /* PremiumVC.swift in Sources */ = {isa = PBXBuildFile; fileRef = FA611DFA267A802700A3AD3B /* PremiumVC.swift */; };
		FA611E03267AE79C00A3AD3B /* ProductVC.swift in Sources */ = {isa = PBXBuildFile; fileRef = FA611E02267AE79C00A3AD3B /* ProductVC.swift */; };
		FA771348269B2BFB00D8B09E /* RegisterVC.swift in Sources */ = {isa = PBXBuildFile; fileRef = FA771347269B2BFB00D8B09E /* RegisterVC.swift */; };
		FA7A6410267B2E0000DAE9FF /* RateCell.swift in Sources */ = {isa = PBXBuildFile; fileRef = FA7A640E267B2E0000DAE9FF /* RateCell.swift */; };
		FA7A6411267B2E0000DAE9FF /* RateCell.xib in Resources */ = {isa = PBXBuildFile; fileRef = FA7A640F267B2E0000DAE9FF /* RateCell.xib */; };
		FA7C0D73268D9AB8008D7A9A /* FavouriteVC.swift in Sources */ = {isa = PBXBuildFile; fileRef = FA7C0D72268D9AB8008D7A9A /* FavouriteVC.swift */; };
		FA7CA2682677FA7900A8238C /* CheckOrderVC.swift in Sources */ = {isa = PBXBuildFile; fileRef = FA7CA2672677FA7900A8238C /* CheckOrderVC.swift */; };
		FA7CA26D2677FD9E00A8238C /* DelegateRateVC.swift in Sources */ = {isa = PBXBuildFile; fileRef = FA7CA26C2677FD9E00A8238C /* DelegateRateVC.swift */; };
		FA7CA27A2677FF0000A8238C /* SendReportVC.swift in Sources */ = {isa = PBXBuildFile; fileRef = FA7CA2792677FF0000A8238C /* SendReportVC.swift */; };
		FA7CA280267928DA00A8238C /* NotificationCell.swift in Sources */ = {isa = PBXBuildFile; fileRef = FA7CA27E267928DA00A8238C /* NotificationCell.swift */; };
		FA7CA281267928DA00A8238C /* NotificationCell.xib in Resources */ = {isa = PBXBuildFile; fileRef = FA7CA27F267928DA00A8238C /* NotificationCell.xib */; };
		FA7CA2862679734800A8238C /* NotificationVC.swift in Sources */ = {isa = PBXBuildFile; fileRef = FA7CA2852679734800A8238C /* NotificationVC.swift */; };
		FA7CA29E2679820200A8238C /* SingleStoreDetailsVC.swift in Sources */ = {isa = PBXBuildFile; fileRef = FA7CA29D2679820200A8238C /* SingleStoreDetailsVC.swift */; };
		FA849B82268D4F0E0071CA3A /* OrderFilterVC.swift in Sources */ = {isa = PBXBuildFile; fileRef = FA849B81268D4F0E0071CA3A /* OrderFilterVC.swift */; };
		FA9F102D269C6D6C000C42B3 /* Splash.swift in Sources */ = {isa = PBXBuildFile; fileRef = FA9F102C269C6D6C000C42B3 /* Splash.swift */; };
		FA9F1038269C7BEA000C42B3 /* SearchVC.swift in Sources */ = {isa = PBXBuildFile; fileRef = FA9F1037269C7BEA000C42B3 /* SearchVC.swift */; };
		FAA776A826619A2600D65636 /* MainViewController.swift in Sources */ = {isa = PBXBuildFile; fileRef = FAA776A726619A2600D65636 /* MainViewController.swift */; };
		FAA7771026619FF600D65636 /* PageViewController.swift in Sources */ = {isa = PBXBuildFile; fileRef = FAA7770F26619FF600D65636 /* PageViewController.swift */; };
		FAB699FA269BCEAA0030E1F6 /* CitiesCell.swift in Sources */ = {isa = PBXBuildFile; fileRef = FAB699F9269BCEAA0030E1F6 /* CitiesCell.swift */; };
		FAB69A0E269BE9100030E1F6 /* AboutVC.swift in Sources */ = {isa = PBXBuildFile; fileRef = FAB69A0D269BE9100030E1F6 /* AboutVC.swift */; };
		FAB69A13269BECB70030E1F6 /* About.swift in Sources */ = {isa = PBXBuildFile; fileRef = FAB69A12269BECB70030E1F6 /* About.swift */; };
		FAB69A36269BF3290030E1F6 /* ContactUsVC.swift in Sources */ = {isa = PBXBuildFile; fileRef = FAB69A35269BF3290030E1F6 /* ContactUsVC.swift */; };
		FAC780912672F8A3008E73D8 /* CategoriesVC.swift in Sources */ = {isa = PBXBuildFile; fileRef = FAC780902672F8A3008E73D8 /* CategoriesVC.swift */; };
		FAC780972672F8E7008E73D8 /* CategoriesCell.swift in Sources */ = {isa = PBXBuildFile; fileRef = FAC780952672F8E7008E73D8 /* CategoriesCell.swift */; };
		FAC780982672F8E7008E73D8 /* CategoriesCell.xib in Resources */ = {isa = PBXBuildFile; fileRef = FAC780962672F8E7008E73D8 /* CategoriesCell.xib */; };
		FAC780A526747968008E73D8 /* SubCategoryCell.swift in Sources */ = {isa = PBXBuildFile; fileRef = FAC780A326747968008E73D8 /* SubCategoryCell.swift */; };
		FAC780A626747968008E73D8 /* SubCategoryCell.xib in Resources */ = {isa = PBXBuildFile; fileRef = FAC780A426747968008E73D8 /* SubCategoryCell.xib */; };
		FACA9E852671E3890014B9DA /* SectionsCell.swift in Sources */ = {isa = PBXBuildFile; fileRef = FACA9E832671E3890014B9DA /* SectionsCell.swift */; };
		FACA9E862671E3890014B9DA /* SectionsCell.xib in Resources */ = {isa = PBXBuildFile; fileRef = FACA9E842671E3890014B9DA /* SectionsCell.xib */; };
		FACB1EA5268D9F2600299506 /* ConversationVC.swift in Sources */ = {isa = PBXBuildFile; fileRef = FACB1EA4268D9F2600299506 /* ConversationVC.swift */; };
		FACB1EAA268D9F5D00299506 /* ChatViewController.swift in Sources */ = {isa = PBXBuildFile; fileRef = FACB1EA9268D9F5D00299506 /* ChatViewController.swift */; };
		FACB1EF4268DB04D00299506 /* StoreDetails.swift in Sources */ = {isa = PBXBuildFile; fileRef = FACB1EF3268DB04D00299506 /* StoreDetails.swift */; };
		FAD2889C26769A1A009A4C30 /* SubcategoryStoresVC.swift in Sources */ = {isa = PBXBuildFile; fileRef = FAD2889B26769A1A009A4C30 /* SubcategoryStoresVC.swift */; };
		FAD288AE26772126009A4C30 /* Delegate.storyboard in Resources */ = {isa = PBXBuildFile; fileRef = FAD288AD26772126009A4C30 /* Delegate.storyboard */; };
		FAF56A54266FFDAD009C6A3C /* UpgradeAccountVC.swift in Sources */ = {isa = PBXBuildFile; fileRef = FAF56A53266FFDAD009C6A3C /* UpgradeAccountVC.swift */; };
		FAF5CDB026669A7E0002E1CB /* CategoryCell.swift in Sources */ = {isa = PBXBuildFile; fileRef = FAF5CDAE26669A7E0002E1CB /* CategoryCell.swift */; };
		FAF5CDB126669A7E0002E1CB /* CategoryCell.xib in Resources */ = {isa = PBXBuildFile; fileRef = FAF5CDAF26669A7E0002E1CB /* CategoryCell.xib */; };
		FAF5CDC42666E2A80002E1CB /* PlacesCell.swift in Sources */ = {isa = PBXBuildFile; fileRef = FAF5CDC22666E2A80002E1CB /* PlacesCell.swift */; };
		FAF5CDC52666E2A80002E1CB /* PlacesCell.xib in Resources */ = {isa = PBXBuildFile; fileRef = FAF5CDC32666E2A80002E1CB /* PlacesCell.xib */; };
		FAFDB035266AAB9A00CD08A1 /* Menu.storyboard in Resources */ = {isa = PBXBuildFile; fileRef = FAFDB034266AAB9A00CD08A1 /* Menu.storyboard */; };
		FAFDB03A266AAEAA00CD08A1 /* MoreCategoriesVC.swift in Sources */ = {isa = PBXBuildFile; fileRef = FAFDB039266AAEAA00CD08A1 /* MoreCategoriesVC.swift */; };
		FAFDB048266AB23400CD08A1 /* localize.strings in Resources */ = {isa = PBXBuildFile; fileRef = FAFDB04A266AB23400CD08A1 /* localize.strings */; };
		FAFDB056266AB5A300CD08A1 /* Extensions in Resources */ = {isa = PBXBuildFile; fileRef = FAFDB055266AB5A300CD08A1 /* Extensions */; };
		FAFDB05E266ABAC100CD08A1 /* MorePlacesVC.swift in Sources */ = {isa = PBXBuildFile; fileRef = FAFDB05D266ABAC100CD08A1 /* MorePlacesVC.swift */; };
		FAFDB063266AEA1E00CD08A1 /* MenuVC.swift in Sources */ = {isa = PBXBuildFile; fileRef = FAFDB062266AEA1E00CD08A1 /* MenuVC.swift */; };
/* End PBXBuildFile section */

/* Begin PBXContainerItemProxy section */
		FA59633026611FD300A8C119 /* PBXContainerItemProxy */ = {
			isa = PBXContainerItemProxy;
			containerPortal = FA59631126611FCF00A8C119 /* Project object */;
			proxyType = 1;
			remoteGlobalIDString = FA59631826611FCF00A8C119;
			remoteInfo = D2020;
		};
		FA59633B26611FD300A8C119 /* PBXContainerItemProxy */ = {
			isa = PBXContainerItemProxy;
			containerPortal = FA59631126611FCF00A8C119 /* Project object */;
			proxyType = 1;
			remoteGlobalIDString = FA59631826611FCF00A8C119;
			remoteInfo = D2020;
		};
/* End PBXContainerItemProxy section */

/* Begin PBXFileReference section */
		12FD51A42CEB20ABEB380F27 /* Pods_D2020Tests.framework */ = {isa = PBXFileReference; explicitFileType = wrapper.framework; includeInIndex = 0; path = Pods_D2020Tests.framework; sourceTree = BUILT_PRODUCTS_DIR; };
		1956D336364A1FC1B87A8047 /* Pods-D2020-D2020UITests.debug.xcconfig */ = {isa = PBXFileReference; includeInIndex = 1; lastKnownFileType = text.xcconfig; name = "Pods-D2020-D2020UITests.debug.xcconfig"; path = "Target Support Files/Pods-D2020-D2020UITests/Pods-D2020-D2020UITests.debug.xcconfig"; sourceTree = "<group>"; };
		3F4F9E4E14BDE115A5E88B3B /* Pods-D2020Tests.release.xcconfig */ = {isa = PBXFileReference; includeInIndex = 1; lastKnownFileType = text.xcconfig; name = "Pods-D2020Tests.release.xcconfig"; path = "Target Support Files/Pods-D2020Tests/Pods-D2020Tests.release.xcconfig"; sourceTree = "<group>"; };
		43FDADBDECF46403FD3F19C0 /* Pods-D2020.release.xcconfig */ = {isa = PBXFileReference; includeInIndex = 1; lastKnownFileType = text.xcconfig; name = "Pods-D2020.release.xcconfig"; path = "Target Support Files/Pods-D2020/Pods-D2020.release.xcconfig"; sourceTree = "<group>"; };
		6D1D8AFAE159B3A9008B3179 /* Pods-D2020Tests.debug.xcconfig */ = {isa = PBXFileReference; includeInIndex = 1; lastKnownFileType = text.xcconfig; name = "Pods-D2020Tests.debug.xcconfig"; path = "Target Support Files/Pods-D2020Tests/Pods-D2020Tests.debug.xcconfig"; sourceTree = "<group>"; };
		77AA252099B55DFF60C14E18 /* Pods-D2020-D2020UITests.release.xcconfig */ = {isa = PBXFileReference; includeInIndex = 1; lastKnownFileType = text.xcconfig; name = "Pods-D2020-D2020UITests.release.xcconfig"; path = "Target Support Files/Pods-D2020-D2020UITests/Pods-D2020-D2020UITests.release.xcconfig"; sourceTree = "<group>"; };
		9F5C7BDA6C65748DFF7ADFDC /* Pods-D2020.debug.xcconfig */ = {isa = PBXFileReference; includeInIndex = 1; lastKnownFileType = text.xcconfig; name = "Pods-D2020.debug.xcconfig"; path = "Target Support Files/Pods-D2020/Pods-D2020.debug.xcconfig"; sourceTree = "<group>"; };
		B8587BA1E7C6C867AAED2A96 /* Pods_D2020.framework */ = {isa = PBXFileReference; explicitFileType = wrapper.framework; includeInIndex = 0; path = Pods_D2020.framework; sourceTree = BUILT_PRODUCTS_DIR; };
		D957646826824DBE00CD748F /* APIConstant.swift */ = {isa = PBXFileReference; lastKnownFileType = sourcecode.swift; path = APIConstant.swift; sourceTree = "<group>"; };
		D957646B26824F1A00CD748F /* LoginResponse.swift */ = {isa = PBXFileReference; lastKnownFileType = sourcecode.swift; path = LoginResponse.swift; sourceTree = "<group>"; };
		D957646D268256B800CD748F /* UserDefaultKeys.swift */ = {isa = PBXFileReference; lastKnownFileType = sourcecode.swift; path = UserDefaultKeys.swift; sourceTree = "<group>"; };
		D9901E0A269C94B000F631CA /* LanguageHandler.swift */ = {isa = PBXFileReference; lastKnownFileType = sourcecode.swift; path = LanguageHandler.swift; sourceTree = "<group>"; };
		D9CF8554269E346E0016992B /* UpdateProfileResponse.swift */ = {isa = PBXFileReference; lastKnownFileType = sourcecode.swift; path = UpdateProfileResponse.swift; sourceTree = "<group>"; };
		EA0C41DCE1722708DF0B920F /* Pods_D2020_D2020UITests.framework */ = {isa = PBXFileReference; explicitFileType = wrapper.framework; includeInIndex = 0; path = Pods_D2020_D2020UITests.framework; sourceTree = BUILT_PRODUCTS_DIR; };
		FA084067269B6C3800B6363C /* SavedStores.swift */ = {isa = PBXFileReference; lastKnownFileType = sourcecode.swift; path = SavedStores.swift; sourceTree = "<group>"; };
		FA0840A6269B81E200B6363C /* SelectMapVC.swift */ = {isa = PBXFileReference; lastKnownFileType = sourcecode.swift; path = SelectMapVC.swift; sourceTree = "<group>"; };
		FA09B15A26632A800078DCC0 /* ArbFONTS-Sukar Bold.ttf */ = {isa = PBXFileReference; lastKnownFileType = file; path = "ArbFONTS-Sukar Bold.ttf"; sourceTree = "<group>"; };
		FA09B15E266332A20078DCC0 /* loginViewController.swift */ = {isa = PBXFileReference; lastKnownFileType = sourcecode.swift; path = loginViewController.swift; sourceTree = "<group>"; };
		FA0AAF2226646963005E9E35 /* Store.storyboard */ = {isa = PBXFileReference; lastKnownFileType = file.storyboard; path = Store.storyboard; sourceTree = "<group>"; };
		FA0AAF2E26646BDE005E9E35 /* Localization.swift */ = {isa = PBXFileReference; fileEncoding = 4; lastKnownFileType = sourcecode.swift; path = Localization.swift; sourceTree = "<group>"; };
		FA0AAF3326655435005E9E35 /* Home.storyboard */ = {isa = PBXFileReference; lastKnownFileType = file.storyboard; path = Home.storyboard; sourceTree = "<group>"; };
		FA0AAF3826655BA3005E9E35 /* UploadForStoreVC.swift */ = {isa = PBXFileReference; lastKnownFileType = sourcecode.swift; path = UploadForStoreVC.swift; sourceTree = "<group>"; };
		FA0AAF3D26655BEA005E9E35 /* UploadForMandoopVC.swift */ = {isa = PBXFileReference; lastKnownFileType = sourcecode.swift; path = UploadForMandoopVC.swift; sourceTree = "<group>"; };
		FA0AAF4226655D31005E9E35 /* SigninVC.swift */ = {isa = PBXFileReference; lastKnownFileType = sourcecode.swift; path = SigninVC.swift; sourceTree = "<group>"; };
		FA0AAF4726655F02005E9E35 /* HomeVC.swift */ = {isa = PBXFileReference; lastKnownFileType = sourcecode.swift; path = HomeVC.swift; sourceTree = "<group>"; };
		FA0AAF5226657BF0005E9E35 /* SliderCell.swift */ = {isa = PBXFileReference; lastKnownFileType = sourcecode.swift; path = SliderCell.swift; sourceTree = "<group>"; };
		FA0AAF5326657BF0005E9E35 /* SliderCell.xib */ = {isa = PBXFileReference; lastKnownFileType = file.xib; path = SliderCell.xib; sourceTree = "<group>"; };
		FA122C43268AC000008BCA3C /* Categories.swift */ = {isa = PBXFileReference; lastKnownFileType = sourcecode.swift; path = Categories.swift; sourceTree = "<group>"; };
		FA122C63268ADD5A008BCA3C /* SubCategories.swift */ = {isa = PBXFileReference; lastKnownFileType = sourcecode.swift; path = SubCategories.swift; sourceTree = "<group>"; };
		FA122C74268AEAC3008BCA3C /* Stores.swift */ = {isa = PBXFileReference; lastKnownFileType = sourcecode.swift; path = Stores.swift; sourceTree = "<group>"; };
		FA122C7F268AFFA0008BCA3C /* SubCategoryStores.swift */ = {isa = PBXFileReference; lastKnownFileType = sourcecode.swift; path = SubCategoryStores.swift; sourceTree = "<group>"; };
		FA17AB66267DB4B700F02F03 /* WorkTimeVC.swift */ = {isa = PBXFileReference; lastKnownFileType = sourcecode.swift; path = WorkTimeVC.swift; sourceTree = "<group>"; };
		FA17AB6B267DC3CD00F02F03 /* WorkTimeCell.swift */ = {isa = PBXFileReference; lastKnownFileType = sourcecode.swift; path = WorkTimeCell.swift; sourceTree = "<group>"; };
		FA17AB6C267DC3CD00F02F03 /* WorkTimeCell.xib */ = {isa = PBXFileReference; lastKnownFileType = file.xib; path = WorkTimeCell.xib; sourceTree = "<group>"; };
		FA21A56226628A710085CA25 /* cairo-a93e41191f */ = {isa = PBXFileReference; lastKnownFileType = folder; path = "cairo-a93e41191f"; sourceTree = "<group>"; };
		FA21A56A26628BCF0085CA25 /* CountryCell.swift */ = {isa = PBXFileReference; lastKnownFileType = sourcecode.swift; path = CountryCell.swift; sourceTree = "<group>"; };
		FA21A56B26628BCF0085CA25 /* CountryCell.xib */ = {isa = PBXFileReference; lastKnownFileType = file.xib; path = CountryCell.xib; sourceTree = "<group>"; };
		FA21A57126628D150085CA25 /* LanguageController.swift */ = {isa = PBXFileReference; lastKnownFileType = sourcecode.swift; path = LanguageController.swift; sourceTree = "<group>"; };
		FA273C79267B20AA0060A32D /* ServiceCell.swift */ = {isa = PBXFileReference; lastKnownFileType = sourcecode.swift; path = ServiceCell.swift; sourceTree = "<group>"; };
		FA273C7A267B20AA0060A32D /* ServiceCell.xib */ = {isa = PBXFileReference; lastKnownFileType = file.xib; path = ServiceCell.xib; sourceTree = "<group>"; };
		FA27C83E267A7DF400EFC09B /* Premium.storyboard */ = {isa = PBXFileReference; lastKnownFileType = file.storyboard; path = Premium.storyboard; sourceTree = "<group>"; };
		FA2DC2BB267F674E004FBF9E /* ContactVC.swift */ = {isa = PBXFileReference; lastKnownFileType = sourcecode.swift; path = ContactVC.swift; sourceTree = "<group>"; };
		FA2DC2C0267F6E14004FBF9E /* ContactCell.swift */ = {isa = PBXFileReference; lastKnownFileType = sourcecode.swift; path = ContactCell.swift; sourceTree = "<group>"; };
		FA2DC2C1267F6E14004FBF9E /* ContactCell.xib */ = {isa = PBXFileReference; lastKnownFileType = file.xib; path = ContactCell.xib; sourceTree = "<group>"; };
		FA2DC3982680531C004FBF9E /* CoreLocation.framework */ = {isa = PBXFileReference; lastKnownFileType = wrapper.framework; name = CoreLocation.framework; path = System/Library/Frameworks/CoreLocation.framework; sourceTree = SDKROOT; };
		FA2DC39A268054E2004FBF9E /* MapVC.swift */ = {isa = PBXFileReference; lastKnownFileType = sourcecode.swift; path = MapVC.swift; sourceTree = "<group>"; };
		FA30256726799C09000E0DC8 /* ProductCell.swift */ = {isa = PBXFileReference; lastKnownFileType = sourcecode.swift; path = ProductCell.swift; sourceTree = "<group>"; };
		FA30256826799C09000E0DC8 /* ProductCell.xib */ = {isa = PBXFileReference; lastKnownFileType = file.xib; path = ProductCell.xib; sourceTree = "<group>"; };
		FA49EFFC266B49E300215EFE /* Category.storyboard */ = {isa = PBXFileReference; lastKnownFileType = file.storyboard; path = Category.storyboard; sourceTree = "<group>"; };
		FA4AF3BA26992C7C00DC8296 /* ChangePasswordVC.swift */ = {isa = PBXFileReference; lastKnownFileType = sourcecode.swift; path = ChangePasswordVC.swift; sourceTree = "<group>"; };
		FA4AF3C726992DB300DC8296 /* UpdatePassword.swift */ = {isa = PBXFileReference; lastKnownFileType = sourcecode.swift; path = UpdatePassword.swift; sourceTree = "<group>"; };
		FA502B4F2683AF2A005A61DD /* ProfileVC.swift */ = {isa = PBXFileReference; lastKnownFileType = sourcecode.swift; path = ProfileVC.swift; sourceTree = "<group>"; };
		FA502B572683ED64005A61DD /* Cities.swift */ = {isa = PBXFileReference; lastKnownFileType = sourcecode.swift; path = Cities.swift; sourceTree = "<group>"; };
		FA59631926611FCF00A8C119 /* D2020.app */ = {isa = PBXFileReference; explicitFileType = wrapper.application; includeInIndex = 0; path = D2020.app; sourceTree = BUILT_PRODUCTS_DIR; };
		FA59631E26611FCF00A8C119 /* SceneDelegate.swift */ = {isa = PBXFileReference; lastKnownFileType = sourcecode.swift; path = SceneDelegate.swift; sourceTree = "<group>"; };
		FA59632526611FD200A8C119 /* Assets.xcassets */ = {isa = PBXFileReference; lastKnownFileType = folder.assetcatalog; path = Assets.xcassets; sourceTree = "<group>"; };
		FA59632826611FD200A8C119 /* Base */ = {isa = PBXFileReference; lastKnownFileType = file.storyboard; name = Base; path = Base.lproj/LaunchScreen.storyboard; sourceTree = "<group>"; };
		FA59632A26611FD200A8C119 /* Info.plist */ = {isa = PBXFileReference; lastKnownFileType = text.plist.xml; path = Info.plist; sourceTree = "<group>"; };
		FA59632F26611FD300A8C119 /* D2020Tests.xctest */ = {isa = PBXFileReference; explicitFileType = wrapper.cfbundle; includeInIndex = 0; path = D2020Tests.xctest; sourceTree = BUILT_PRODUCTS_DIR; };
		FA59633326611FD300A8C119 /* D2020Tests.swift */ = {isa = PBXFileReference; lastKnownFileType = sourcecode.swift; path = D2020Tests.swift; sourceTree = "<group>"; };
		FA59633526611FD300A8C119 /* Info.plist */ = {isa = PBXFileReference; lastKnownFileType = text.plist.xml; path = Info.plist; sourceTree = "<group>"; };
		FA59633A26611FD300A8C119 /* D2020UITests.xctest */ = {isa = PBXFileReference; explicitFileType = wrapper.cfbundle; includeInIndex = 0; path = D2020UITests.xctest; sourceTree = BUILT_PRODUCTS_DIR; };
		FA59633E26611FD300A8C119 /* D2020UITests.swift */ = {isa = PBXFileReference; lastKnownFileType = sourcecode.swift; path = D2020UITests.swift; sourceTree = "<group>"; };
		FA59634026611FD300A8C119 /* Info.plist */ = {isa = PBXFileReference; lastKnownFileType = text.plist.xml; path = Info.plist; sourceTree = "<group>"; };
		FA59635B26612D0A00A8C119 /* BaseController.swift */ = {isa = PBXFileReference; lastKnownFileType = sourcecode.swift; path = BaseController.swift; sourceTree = "<group>"; };
		FA59637D2661300200A8C119 /* calibri-bold.ttf */ = {isa = PBXFileReference; lastKnownFileType = file; path = "calibri-bold.ttf"; sourceTree = "<group>"; };
		FA5963902661493400A8C119 /* AppDelegate.swift */ = {isa = PBXFileReference; fileEncoding = 4; lastKnownFileType = sourcecode.swift; path = AppDelegate.swift; sourceTree = "<group>"; };
		FA596395266155D700A8C119 /* Auth.storyboard */ = {isa = PBXFileReference; lastKnownFileType = file.storyboard; path = Auth.storyboard; sourceTree = "<group>"; };
		FA59639D266157D700A8C119 /* Cairo.ttf */ = {isa = PBXFileReference; lastKnownFileType = file; path = Cairo.ttf; sourceTree = "<group>"; };
		FA5963A126616F1700A8C119 /* SplashController.swift */ = {isa = PBXFileReference; lastKnownFileType = sourcecode.swift; path = SplashController.swift; sourceTree = "<group>"; };
		FA5963B42661930000A8C119 /* SecondSplashController.swift */ = {isa = PBXFileReference; lastKnownFileType = sourcecode.swift; path = SecondSplashController.swift; sourceTree = "<group>"; };
		FA611DFA267A802700A3AD3B /* PremiumVC.swift */ = {isa = PBXFileReference; lastKnownFileType = sourcecode.swift; path = PremiumVC.swift; sourceTree = "<group>"; };
		FA611E02267AE79C00A3AD3B /* ProductVC.swift */ = {isa = PBXFileReference; lastKnownFileType = sourcecode.swift; path = ProductVC.swift; sourceTree = "<group>"; };
		FA771347269B2BFB00D8B09E /* RegisterVC.swift */ = {isa = PBXFileReference; lastKnownFileType = sourcecode.swift; path = RegisterVC.swift; sourceTree = "<group>"; };
		FA7A640E267B2E0000DAE9FF /* RateCell.swift */ = {isa = PBXFileReference; lastKnownFileType = sourcecode.swift; path = RateCell.swift; sourceTree = "<group>"; };
		FA7A640F267B2E0000DAE9FF /* RateCell.xib */ = {isa = PBXFileReference; lastKnownFileType = file.xib; path = RateCell.xib; sourceTree = "<group>"; };
		FA7C0D72268D9AB8008D7A9A /* FavouriteVC.swift */ = {isa = PBXFileReference; lastKnownFileType = sourcecode.swift; path = FavouriteVC.swift; sourceTree = "<group>"; };
		FA7CA2672677FA7900A8238C /* CheckOrderVC.swift */ = {isa = PBXFileReference; lastKnownFileType = sourcecode.swift; path = CheckOrderVC.swift; sourceTree = "<group>"; };
		FA7CA26C2677FD9E00A8238C /* DelegateRateVC.swift */ = {isa = PBXFileReference; lastKnownFileType = sourcecode.swift; path = DelegateRateVC.swift; sourceTree = "<group>"; };
		FA7CA2792677FF0000A8238C /* SendReportVC.swift */ = {isa = PBXFileReference; lastKnownFileType = sourcecode.swift; path = SendReportVC.swift; sourceTree = "<group>"; };
		FA7CA27E267928DA00A8238C /* NotificationCell.swift */ = {isa = PBXFileReference; lastKnownFileType = sourcecode.swift; path = NotificationCell.swift; sourceTree = "<group>"; };
		FA7CA27F267928DA00A8238C /* NotificationCell.xib */ = {isa = PBXFileReference; lastKnownFileType = file.xib; path = NotificationCell.xib; sourceTree = "<group>"; };
		FA7CA2852679734800A8238C /* NotificationVC.swift */ = {isa = PBXFileReference; lastKnownFileType = sourcecode.swift; path = NotificationVC.swift; sourceTree = "<group>"; };
		FA7CA29D2679820200A8238C /* SingleStoreDetailsVC.swift */ = {isa = PBXFileReference; lastKnownFileType = sourcecode.swift; path = SingleStoreDetailsVC.swift; sourceTree = "<group>"; };
		FA849B81268D4F0E0071CA3A /* OrderFilterVC.swift */ = {isa = PBXFileReference; lastKnownFileType = sourcecode.swift; path = OrderFilterVC.swift; sourceTree = "<group>"; };
		FA9F102C269C6D6C000C42B3 /* Splash.swift */ = {isa = PBXFileReference; lastKnownFileType = sourcecode.swift; path = Splash.swift; sourceTree = "<group>"; };
		FA9F1037269C7BEA000C42B3 /* SearchVC.swift */ = {isa = PBXFileReference; lastKnownFileType = sourcecode.swift; path = SearchVC.swift; sourceTree = "<group>"; };
		FAA776A726619A2600D65636 /* MainViewController.swift */ = {isa = PBXFileReference; lastKnownFileType = sourcecode.swift; path = MainViewController.swift; sourceTree = "<group>"; };
		FAA7770F26619FF600D65636 /* PageViewController.swift */ = {isa = PBXFileReference; fileEncoding = 4; lastKnownFileType = sourcecode.swift; path = PageViewController.swift; sourceTree = "<group>"; };
		FAB699F9269BCEAA0030E1F6 /* CitiesCell.swift */ = {isa = PBXFileReference; lastKnownFileType = sourcecode.swift; path = CitiesCell.swift; sourceTree = "<group>"; };
		FAB69A0D269BE9100030E1F6 /* AboutVC.swift */ = {isa = PBXFileReference; lastKnownFileType = sourcecode.swift; path = AboutVC.swift; sourceTree = "<group>"; };
		FAB69A12269BECB70030E1F6 /* About.swift */ = {isa = PBXFileReference; lastKnownFileType = sourcecode.swift; path = About.swift; sourceTree = "<group>"; };
		FAB69A35269BF3290030E1F6 /* ContactUsVC.swift */ = {isa = PBXFileReference; lastKnownFileType = sourcecode.swift; path = ContactUsVC.swift; sourceTree = "<group>"; };
		FAC780902672F8A3008E73D8 /* CategoriesVC.swift */ = {isa = PBXFileReference; lastKnownFileType = sourcecode.swift; path = CategoriesVC.swift; sourceTree = "<group>"; };
		FAC780952672F8E7008E73D8 /* CategoriesCell.swift */ = {isa = PBXFileReference; lastKnownFileType = sourcecode.swift; path = CategoriesCell.swift; sourceTree = "<group>"; };
		FAC780962672F8E7008E73D8 /* CategoriesCell.xib */ = {isa = PBXFileReference; lastKnownFileType = file.xib; path = CategoriesCell.xib; sourceTree = "<group>"; };
		FAC780A326747968008E73D8 /* SubCategoryCell.swift */ = {isa = PBXFileReference; lastKnownFileType = sourcecode.swift; path = SubCategoryCell.swift; sourceTree = "<group>"; };
		FAC780A426747968008E73D8 /* SubCategoryCell.xib */ = {isa = PBXFileReference; lastKnownFileType = file.xib; path = SubCategoryCell.xib; sourceTree = "<group>"; };
		FACA9E832671E3890014B9DA /* SectionsCell.swift */ = {isa = PBXFileReference; lastKnownFileType = sourcecode.swift; path = SectionsCell.swift; sourceTree = "<group>"; };
		FACA9E842671E3890014B9DA /* SectionsCell.xib */ = {isa = PBXFileReference; lastKnownFileType = file.xib; path = SectionsCell.xib; sourceTree = "<group>"; };
		FACB1EA4268D9F2600299506 /* ConversationVC.swift */ = {isa = PBXFileReference; fileEncoding = 4; lastKnownFileType = sourcecode.swift; path = ConversationVC.swift; sourceTree = "<group>"; };
		FACB1EA9268D9F5D00299506 /* ChatViewController.swift */ = {isa = PBXFileReference; fileEncoding = 4; lastKnownFileType = sourcecode.swift; path = ChatViewController.swift; sourceTree = "<group>"; };
		FACB1EF3268DB04D00299506 /* StoreDetails.swift */ = {isa = PBXFileReference; lastKnownFileType = sourcecode.swift; path = StoreDetails.swift; sourceTree = "<group>"; };
		FAD2889B26769A1A009A4C30 /* SubcategoryStoresVC.swift */ = {isa = PBXFileReference; lastKnownFileType = sourcecode.swift; path = SubcategoryStoresVC.swift; sourceTree = "<group>"; };
		FAD288AD26772126009A4C30 /* Delegate.storyboard */ = {isa = PBXFileReference; lastKnownFileType = file.storyboard; path = Delegate.storyboard; sourceTree = "<group>"; };
		FAF56A53266FFDAD009C6A3C /* UpgradeAccountVC.swift */ = {isa = PBXFileReference; lastKnownFileType = sourcecode.swift; path = UpgradeAccountVC.swift; sourceTree = "<group>"; };
		FAF5CDAE26669A7E0002E1CB /* CategoryCell.swift */ = {isa = PBXFileReference; lastKnownFileType = sourcecode.swift; path = CategoryCell.swift; sourceTree = "<group>"; };
		FAF5CDAF26669A7E0002E1CB /* CategoryCell.xib */ = {isa = PBXFileReference; lastKnownFileType = file.xib; path = CategoryCell.xib; sourceTree = "<group>"; };
		FAF5CDC22666E2A80002E1CB /* PlacesCell.swift */ = {isa = PBXFileReference; lastKnownFileType = sourcecode.swift; path = PlacesCell.swift; sourceTree = "<group>"; };
		FAF5CDC32666E2A80002E1CB /* PlacesCell.xib */ = {isa = PBXFileReference; lastKnownFileType = file.xib; path = PlacesCell.xib; sourceTree = "<group>"; };
		FAFDB034266AAB9A00CD08A1 /* Menu.storyboard */ = {isa = PBXFileReference; lastKnownFileType = file.storyboard; path = Menu.storyboard; sourceTree = "<group>"; };
		FAFDB039266AAEAA00CD08A1 /* MoreCategoriesVC.swift */ = {isa = PBXFileReference; lastKnownFileType = sourcecode.swift; path = MoreCategoriesVC.swift; sourceTree = "<group>"; };
		FAFDB044266AB1E300CD08A1 /* ar-EG */ = {isa = PBXFileReference; lastKnownFileType = text.plist.strings; name = "ar-EG"; path = "ar-EG.lproj/LaunchScreen.strings"; sourceTree = "<group>"; };
		FAFDB049266AB23400CD08A1 /* en */ = {isa = PBXFileReference; lastKnownFileType = text.plist.strings; name = en; path = en.lproj/localize.strings; sourceTree = "<group>"; };
		FAFDB04E266AB23800CD08A1 /* ar-EG */ = {isa = PBXFileReference; lastKnownFileType = text.plist.strings; name = "ar-EG"; path = "ar-EG.lproj/localize.strings"; sourceTree = "<group>"; };
		FAFDB055266AB5A300CD08A1 /* Extensions */ = {isa = PBXFileReference; lastKnownFileType = folder; name = Extensions; path = "Referances /Extensions"; sourceTree = "<group>"; };
		FAFDB05D266ABAC100CD08A1 /* MorePlacesVC.swift */ = {isa = PBXFileReference; lastKnownFileType = sourcecode.swift; path = MorePlacesVC.swift; sourceTree = "<group>"; };
		FAFDB062266AEA1E00CD08A1 /* MenuVC.swift */ = {isa = PBXFileReference; lastKnownFileType = sourcecode.swift; path = MenuVC.swift; sourceTree = "<group>"; };
/* End PBXFileReference section */

/* Begin PBXFrameworksBuildPhase section */
		FA59631626611FCF00A8C119 /* Frameworks */ = {
			isa = PBXFrameworksBuildPhase;
			buildActionMask = 2147483647;
			files = (
				FA2DC3992680531C004FBF9E /* CoreLocation.framework in Frameworks */,
				69D45F962A7BD3B1C43FE21B /* Pods_D2020.framework in Frameworks */,
			);
			runOnlyForDeploymentPostprocessing = 0;
		};
		FA59632C26611FD300A8C119 /* Frameworks */ = {
			isa = PBXFrameworksBuildPhase;
			buildActionMask = 2147483647;
			files = (
				14911C780ACC78B90FFEC757 /* Pods_D2020Tests.framework in Frameworks */,
			);
			runOnlyForDeploymentPostprocessing = 0;
		};
		FA59633726611FD300A8C119 /* Frameworks */ = {
			isa = PBXFrameworksBuildPhase;
			buildActionMask = 2147483647;
			files = (
				68A02215F6D35C0249C29BB4 /* Pods_D2020_D2020UITests.framework in Frameworks */,
			);
			runOnlyForDeploymentPostprocessing = 0;
		};
/* End PBXFrameworksBuildPhase section */

/* Begin PBXGroup section */
		805770D4D0F572BF38191C10 /* Pods */ = {
			isa = PBXGroup;
			children = (
				9F5C7BDA6C65748DFF7ADFDC /* Pods-D2020.debug.xcconfig */,
				43FDADBDECF46403FD3F19C0 /* Pods-D2020.release.xcconfig */,
				1956D336364A1FC1B87A8047 /* Pods-D2020-D2020UITests.debug.xcconfig */,
				77AA252099B55DFF60C14E18 /* Pods-D2020-D2020UITests.release.xcconfig */,
				6D1D8AFAE159B3A9008B3179 /* Pods-D2020Tests.debug.xcconfig */,
				3F4F9E4E14BDE115A5E88B3B /* Pods-D2020Tests.release.xcconfig */,
			);
			path = Pods;
			sourceTree = "<group>";
		};
		D957646A26824F0B00CD748F /* Response */ = {
			isa = PBXGroup;
			children = (
				D957646B26824F1A00CD748F /* LoginResponse.swift */,
				FA502B572683ED64005A61DD /* Cities.swift */,
				FA122C43268AC000008BCA3C /* Categories.swift */,
				FA122C63268ADD5A008BCA3C /* SubCategories.swift */,
				FA122C74268AEAC3008BCA3C /* Stores.swift */,
				FA122C7F268AFFA0008BCA3C /* SubCategoryStores.swift */,
				FACB1EF3268DB04D00299506 /* StoreDetails.swift */,
				FA4AF3C726992DB300DC8296 /* UpdatePassword.swift */,
				FA084067269B6C3800B6363C /* SavedStores.swift */,
				FAB69A12269BECB70030E1F6 /* About.swift */,
				FA9F102C269C6D6C000C42B3 /* Splash.swift */,
				D9CF8554269E346E0016992B /* UpdateProfileResponse.swift */,
			);
			path = Response;
			sourceTree = "<group>";
		};
		DDA6FA77B5BE7EDE9E845F45 /* Frameworks */ = {
			isa = PBXGroup;
			children = (
				FA2DC3982680531C004FBF9E /* CoreLocation.framework */,
				B8587BA1E7C6C867AAED2A96 /* Pods_D2020.framework */,
				EA0C41DCE1722708DF0B920F /* Pods_D2020_D2020UITests.framework */,
				12FD51A42CEB20ABEB380F27 /* Pods_D2020Tests.framework */,
			);
			name = Frameworks;
			sourceTree = "<group>";
		};
		FA59631026611FCF00A8C119 = {
			isa = PBXGroup;
			children = (
				FA59631B26611FCF00A8C119 /* D2020 */,
				FA59633226611FD300A8C119 /* D2020Tests */,
				FA59633D26611FD300A8C119 /* D2020UITests */,
				FA59631A26611FCF00A8C119 /* Products */,
				805770D4D0F572BF38191C10 /* Pods */,
				DDA6FA77B5BE7EDE9E845F45 /* Frameworks */,
			);
			sourceTree = "<group>";
		};
		FA59631A26611FCF00A8C119 /* Products */ = {
			isa = PBXGroup;
			children = (
				FA59631926611FCF00A8C119 /* D2020.app */,
				FA59632F26611FD300A8C119 /* D2020Tests.xctest */,
				FA59633A26611FD300A8C119 /* D2020UITests.xctest */,
			);
			name = Products;
			sourceTree = "<group>";
		};
		FA59631B26611FCF00A8C119 /* D2020 */ = {
			isa = PBXGroup;
			children = (
				FAFDB03E266AB13E00CD08A1 /* localize */,
				FA59637C26612FF300A8C119 /* Fonts */,
				FA59635426612A9C00A8C119 /* Referances  */,
				FAFDB055266AB5A300CD08A1 /* Extensions */,
				FA59638C266145E800A8C119 /* Model */,
				FA59638B266145DD00A8C119 /* Views */,
				FA59635226612A7600A8C119 /* Controller */,
				FA59634F26612A3300A8C119 /* Storyboards */,
				FA59632A26611FD200A8C119 /* Info.plist */,
			);
			path = D2020;
			sourceTree = "<group>";
		};
		FA59633226611FD300A8C119 /* D2020Tests */ = {
			isa = PBXGroup;
			children = (
				FA59633326611FD300A8C119 /* D2020Tests.swift */,
				FA59633526611FD300A8C119 /* Info.plist */,
			);
			path = D2020Tests;
			sourceTree = "<group>";
		};
		FA59633D26611FD300A8C119 /* D2020UITests */ = {
			isa = PBXGroup;
			children = (
				FA59633E26611FD300A8C119 /* D2020UITests.swift */,
				FA59634026611FD300A8C119 /* Info.plist */,
			);
			path = D2020UITests;
			sourceTree = "<group>";
		};
		FA59634F26612A3300A8C119 /* Storyboards */ = {
			isa = PBXGroup;
			children = (
				FA59632726611FD200A8C119 /* LaunchScreen.storyboard */,
				FA596395266155D700A8C119 /* Auth.storyboard */,
				FA0AAF2226646963005E9E35 /* Store.storyboard */,
				FA0AAF3326655435005E9E35 /* Home.storyboard */,
				FAFDB034266AAB9A00CD08A1 /* Menu.storyboard */,
				FA49EFFC266B49E300215EFE /* Category.storyboard */,
				FA27C83E267A7DF400EFC09B /* Premium.storyboard */,
				FAD288AD26772126009A4C30 /* Delegate.storyboard */,
			);
			path = Storyboards;
			sourceTree = "<group>";
		};
		FA59635226612A7600A8C119 /* Controller */ = {
			isa = PBXGroup;
			children = (
				FA59635B26612D0A00A8C119 /* BaseController.swift */,
				FAA7770F26619FF600D65636 /* PageViewController.swift */,
				FA5963A126616F1700A8C119 /* SplashController.swift */,
				FA5963B42661930000A8C119 /* SecondSplashController.swift */,
				FAA776A726619A2600D65636 /* MainViewController.swift */,
				FA21A57126628D150085CA25 /* LanguageController.swift */,
				FA09B15E266332A20078DCC0 /* loginViewController.swift */,
				FA771347269B2BFB00D8B09E /* RegisterVC.swift */,
				FA0AAF3826655BA3005E9E35 /* UploadForStoreVC.swift */,
				FA0AAF3D26655BEA005E9E35 /* UploadForMandoopVC.swift */,
				FA0AAF4226655D31005E9E35 /* SigninVC.swift */,
				FA0AAF4726655F02005E9E35 /* HomeVC.swift */,
				FAFDB062266AEA1E00CD08A1 /* MenuVC.swift */,
				FA502B4F2683AF2A005A61DD /* ProfileVC.swift */,
				FA4AF3BA26992C7C00DC8296 /* ChangePasswordVC.swift */,
				FAFDB039266AAEAA00CD08A1 /* MoreCategoriesVC.swift */,
				FAFDB05D266ABAC100CD08A1 /* MorePlacesVC.swift */,
				FAF56A53266FFDAD009C6A3C /* UpgradeAccountVC.swift */,
				FAC780902672F8A3008E73D8 /* CategoriesVC.swift */,
				FAD2889B26769A1A009A4C30 /* SubcategoryStoresVC.swift */,
				FA849B81268D4F0E0071CA3A /* OrderFilterVC.swift */,
				FA7CA29D2679820200A8238C /* SingleStoreDetailsVC.swift */,
				FA7C0D72268D9AB8008D7A9A /* FavouriteVC.swift */,
				FA611DFA267A802700A3AD3B /* PremiumVC.swift */,
				FA7CA2672677FA7900A8238C /* CheckOrderVC.swift */,
				FA7CA26C2677FD9E00A8238C /* DelegateRateVC.swift */,
				FA7CA2792677FF0000A8238C /* SendReportVC.swift */,
				FA7CA2852679734800A8238C /* NotificationVC.swift */,
				FA611E02267AE79C00A3AD3B /* ProductVC.swift */,
				FA17AB66267DB4B700F02F03 /* WorkTimeVC.swift */,
				FA2DC2BB267F674E004FBF9E /* ContactVC.swift */,
				FA0840A6269B81E200B6363C /* SelectMapVC.swift */,
				FA2DC39A268054E2004FBF9E /* MapVC.swift */,
				FACB1EA4268D9F2600299506 /* ConversationVC.swift */,
				FACB1EA9268D9F5D00299506 /* ChatViewController.swift */,
				FAB69A0D269BE9100030E1F6 /* AboutVC.swift */,
				FAB69A35269BF3290030E1F6 /* ContactUsVC.swift */,
				FA9F1037269C7BEA000C42B3 /* SearchVC.swift */,
			);
			path = Controller;
			sourceTree = "<group>";
		};
		FA59635426612A9C00A8C119 /* Referances  */ = {
			isa = PBXGroup;
			children = (
				FA5963902661493400A8C119 /* AppDelegate.swift */,
				FA59631E26611FCF00A8C119 /* SceneDelegate.swift */,
				FA59632526611FD200A8C119 /* Assets.xcassets */,
			);
			path = "Referances ";
			sourceTree = "<group>";
		};
		FA59637C26612FF300A8C119 /* Fonts */ = {
			isa = PBXGroup;
			children = (
				FA21A56226628A710085CA25 /* cairo-a93e41191f */,
				FA59637D2661300200A8C119 /* calibri-bold.ttf */,
				FA09B15A26632A800078DCC0 /* ArbFONTS-Sukar Bold.ttf */,
				FA59639D266157D700A8C119 /* Cairo.ttf */,
			);
			path = Fonts;
			sourceTree = "<group>";
		};
		FA59638B266145DD00A8C119 /* Views */ = {
			isa = PBXGroup;
			children = (
				FA21A56A26628BCF0085CA25 /* CountryCell.swift */,
				FA21A56B26628BCF0085CA25 /* CountryCell.xib */,
				FA0AAF5226657BF0005E9E35 /* SliderCell.swift */,
				FA0AAF5326657BF0005E9E35 /* SliderCell.xib */,
				FAF5CDAE26669A7E0002E1CB /* CategoryCell.swift */,
				FAF5CDAF26669A7E0002E1CB /* CategoryCell.xib */,
				FAF5CDC22666E2A80002E1CB /* PlacesCell.swift */,
				FAF5CDC32666E2A80002E1CB /* PlacesCell.xib */,
				FACA9E832671E3890014B9DA /* SectionsCell.swift */,
				FACA9E842671E3890014B9DA /* SectionsCell.xib */,
				FAC780952672F8E7008E73D8 /* CategoriesCell.swift */,
				FAC780962672F8E7008E73D8 /* CategoriesCell.xib */,
				FAC780A326747968008E73D8 /* SubCategoryCell.swift */,
				FAC780A426747968008E73D8 /* SubCategoryCell.xib */,
				FA7CA27E267928DA00A8238C /* NotificationCell.swift */,
				FA7CA27F267928DA00A8238C /* NotificationCell.xib */,
				FA30256726799C09000E0DC8 /* ProductCell.swift */,
				FA30256826799C09000E0DC8 /* ProductCell.xib */,
				FA273C79267B20AA0060A32D /* ServiceCell.swift */,
				FA273C7A267B20AA0060A32D /* ServiceCell.xib */,
				FA7A640E267B2E0000DAE9FF /* RateCell.swift */,
				FA7A640F267B2E0000DAE9FF /* RateCell.xib */,
				FA17AB6B267DC3CD00F02F03 /* WorkTimeCell.swift */,
				FA17AB6C267DC3CD00F02F03 /* WorkTimeCell.xib */,
				FA2DC2C0267F6E14004FBF9E /* ContactCell.swift */,
				FA2DC2C1267F6E14004FBF9E /* ContactCell.xib */,
				FAB699F9269BCEAA0030E1F6 /* CitiesCell.swift */,
			);
			path = Views;
			sourceTree = "<group>";
		};
		FA59638C266145E800A8C119 /* Model */ = {
			isa = PBXGroup;
			children = (
				D957646A26824F0B00CD748F /* Response */,
				D957646826824DBE00CD748F /* APIConstant.swift */,
				D957646D268256B800CD748F /* UserDefaultKeys.swift */,
				D9901E0A269C94B000F631CA /* LanguageHandler.swift */,
			);
			path = Model;
			sourceTree = "<group>";
		};
		FAFDB03E266AB13E00CD08A1 /* localize */ = {
			isa = PBXGroup;
			children = (
				FA0AAF2E26646BDE005E9E35 /* Localization.swift */,
				FAFDB04A266AB23400CD08A1 /* localize.strings */,
			);
			path = localize;
			sourceTree = "<group>";
		};
/* End PBXGroup section */

/* Begin PBXNativeTarget section */
		FA59631826611FCF00A8C119 /* D2020 */ = {
			isa = PBXNativeTarget;
			buildConfigurationList = FA59634326611FD300A8C119 /* Build configuration list for PBXNativeTarget "D2020" */;
			buildPhases = (
				0DB0B64A8465994F566E8E2E /* [CP] Check Pods Manifest.lock */,
				FA59631526611FCF00A8C119 /* Sources */,
				FA59631626611FCF00A8C119 /* Frameworks */,
				FA59631726611FCF00A8C119 /* Resources */,
				C3B827FB3757ECD062E43384 /* [CP] Embed Pods Frameworks */,
			);
			buildRules = (
			);
			dependencies = (
			);
			name = D2020;
			productName = D2020;
			productReference = FA59631926611FCF00A8C119 /* D2020.app */;
			productType = "com.apple.product-type.application";
		};
		FA59632E26611FD300A8C119 /* D2020Tests */ = {
			isa = PBXNativeTarget;
			buildConfigurationList = FA59634626611FD300A8C119 /* Build configuration list for PBXNativeTarget "D2020Tests" */;
			buildPhases = (
				F2937F10F36B4EE7380F9BEF /* [CP] Check Pods Manifest.lock */,
				FA59632B26611FD300A8C119 /* Sources */,
				FA59632C26611FD300A8C119 /* Frameworks */,
				FA59632D26611FD300A8C119 /* Resources */,
			);
			buildRules = (
			);
			dependencies = (
				FA59633126611FD300A8C119 /* PBXTargetDependency */,
			);
			name = D2020Tests;
			productName = D2020Tests;
			productReference = FA59632F26611FD300A8C119 /* D2020Tests.xctest */;
			productType = "com.apple.product-type.bundle.unit-test";
		};
		FA59633926611FD300A8C119 /* D2020UITests */ = {
			isa = PBXNativeTarget;
			buildConfigurationList = FA59634926611FD300A8C119 /* Build configuration list for PBXNativeTarget "D2020UITests" */;
			buildPhases = (
				7766FF0CD0C49487E8B939DD /* [CP] Check Pods Manifest.lock */,
				FA59633626611FD300A8C119 /* Sources */,
				FA59633726611FD300A8C119 /* Frameworks */,
				FA59633826611FD300A8C119 /* Resources */,
				DD95466491BF6CCA9CA80746 /* [CP] Embed Pods Frameworks */,
			);
			buildRules = (
			);
			dependencies = (
				FA59633C26611FD300A8C119 /* PBXTargetDependency */,
			);
			name = D2020UITests;
			productName = D2020UITests;
			productReference = FA59633A26611FD300A8C119 /* D2020UITests.xctest */;
			productType = "com.apple.product-type.bundle.ui-testing";
		};
/* End PBXNativeTarget section */

/* Begin PBXProject section */
		FA59631126611FCF00A8C119 /* Project object */ = {
			isa = PBXProject;
			attributes = {
				LastSwiftUpdateCheck = 1210;
				LastUpgradeCheck = 1210;
				TargetAttributes = {
					FA59631826611FCF00A8C119 = {
						CreatedOnToolsVersion = 12.1;
					};
					FA59632E26611FD300A8C119 = {
						CreatedOnToolsVersion = 12.1;
						TestTargetID = FA59631826611FCF00A8C119;
					};
					FA59633926611FD300A8C119 = {
						CreatedOnToolsVersion = 12.1;
						TestTargetID = FA59631826611FCF00A8C119;
					};
				};
			};
			buildConfigurationList = FA59631426611FCF00A8C119 /* Build configuration list for PBXProject "D2020" */;
			compatibilityVersion = "Xcode 9.3";
			developmentRegion = en;
			hasScannedForEncodings = 0;
			knownRegions = (
				en,
				Base,
				"ar-EG",
			);
			mainGroup = FA59631026611FCF00A8C119;
			productRefGroup = FA59631A26611FCF00A8C119 /* Products */;
			projectDirPath = "";
			projectRoot = "";
			targets = (
				FA59631826611FCF00A8C119 /* D2020 */,
				FA59632E26611FD300A8C119 /* D2020Tests */,
				FA59633926611FD300A8C119 /* D2020UITests */,
			);
		};
/* End PBXProject section */

/* Begin PBXResourcesBuildPhase section */
		FA59631726611FCF00A8C119 /* Resources */ = {
			isa = PBXResourcesBuildPhase;
			buildActionMask = 2147483647;
			files = (
				FA0AAF5526657BF0005E9E35 /* SliderCell.xib in Resources */,
				FA273C7C267B20AA0060A32D /* ServiceCell.xib in Resources */,
				FAFDB056266AB5A300CD08A1 /* Extensions in Resources */,
				FA2DC2C3267F6E14004FBF9E /* ContactCell.xib in Resources */,
				FA17AB6E267DC3CD00F02F03 /* WorkTimeCell.xib in Resources */,
				FA596396266155D700A8C119 /* Auth.storyboard in Resources */,
				FA21A56D26628BCF0085CA25 /* CountryCell.xib in Resources */,
				FACA9E862671E3890014B9DA /* SectionsCell.xib in Resources */,
				FA7CA281267928DA00A8238C /* NotificationCell.xib in Resources */,
				FAC780A626747968008E73D8 /* SubCategoryCell.xib in Resources */,
				FAFDB035266AAB9A00CD08A1 /* Menu.storyboard in Resources */,
				FAF5CDB126669A7E0002E1CB /* CategoryCell.xib in Resources */,
				FA59632926611FD200A8C119 /* LaunchScreen.storyboard in Resources */,
				FAD288AE26772126009A4C30 /* Delegate.storyboard in Resources */,
				FA49EFFD266B49E300215EFE /* Category.storyboard in Resources */,
				FAC780982672F8E7008E73D8 /* CategoriesCell.xib in Resources */,
				FAF5CDC52666E2A80002E1CB /* PlacesCell.xib in Resources */,
				FAFDB048266AB23400CD08A1 /* localize.strings in Resources */,
				FA0AAF3426655436005E9E35 /* Home.storyboard in Resources */,
				FA59632626611FD200A8C119 /* Assets.xcassets in Resources */,
				FA30256A26799C09000E0DC8 /* ProductCell.xib in Resources */,
				FA0AAF2326646963005E9E35 /* Store.storyboard in Resources */,
				FA7A6411267B2E0000DAE9FF /* RateCell.xib in Resources */,
				FA21A56326628A710085CA25 /* cairo-a93e41191f in Resources */,
				FA27C83F267A7DF400EFC09B /* Premium.storyboard in Resources */,
			);
			runOnlyForDeploymentPostprocessing = 0;
		};
		FA59632D26611FD300A8C119 /* Resources */ = {
			isa = PBXResourcesBuildPhase;
			buildActionMask = 2147483647;
			files = (
			);
			runOnlyForDeploymentPostprocessing = 0;
		};
		FA59633826611FD300A8C119 /* Resources */ = {
			isa = PBXResourcesBuildPhase;
			buildActionMask = 2147483647;
			files = (
			);
			runOnlyForDeploymentPostprocessing = 0;
		};
/* End PBXResourcesBuildPhase section */

/* Begin PBXShellScriptBuildPhase section */
		0DB0B64A8465994F566E8E2E /* [CP] Check Pods Manifest.lock */ = {
			isa = PBXShellScriptBuildPhase;
			buildActionMask = 2147483647;
			files = (
			);
			inputFileListPaths = (
			);
			inputPaths = (
				"${PODS_PODFILE_DIR_PATH}/Podfile.lock",
				"${PODS_ROOT}/Manifest.lock",
			);
			name = "[CP] Check Pods Manifest.lock";
			outputFileListPaths = (
			);
			outputPaths = (
				"$(DERIVED_FILE_DIR)/Pods-D2020-checkManifestLockResult.txt",
			);
			runOnlyForDeploymentPostprocessing = 0;
			shellPath = /bin/sh;
			shellScript = "diff \"${PODS_PODFILE_DIR_PATH}/Podfile.lock\" \"${PODS_ROOT}/Manifest.lock\" > /dev/null\nif [ $? != 0 ] ; then\n    # print error to STDERR\n    echo \"error: The sandbox is not in sync with the Podfile.lock. Run 'pod install' or update your CocoaPods installation.\" >&2\n    exit 1\nfi\n# This output is used by Xcode 'outputs' to avoid re-running this script phase.\necho \"SUCCESS\" > \"${SCRIPT_OUTPUT_FILE_0}\"\n";
			showEnvVarsInLog = 0;
		};
		7766FF0CD0C49487E8B939DD /* [CP] Check Pods Manifest.lock */ = {
			isa = PBXShellScriptBuildPhase;
			buildActionMask = 2147483647;
			files = (
			);
			inputFileListPaths = (
			);
			inputPaths = (
				"${PODS_PODFILE_DIR_PATH}/Podfile.lock",
				"${PODS_ROOT}/Manifest.lock",
			);
			name = "[CP] Check Pods Manifest.lock";
			outputFileListPaths = (
			);
			outputPaths = (
				"$(DERIVED_FILE_DIR)/Pods-D2020-D2020UITests-checkManifestLockResult.txt",
			);
			runOnlyForDeploymentPostprocessing = 0;
			shellPath = /bin/sh;
			shellScript = "diff \"${PODS_PODFILE_DIR_PATH}/Podfile.lock\" \"${PODS_ROOT}/Manifest.lock\" > /dev/null\nif [ $? != 0 ] ; then\n    # print error to STDERR\n    echo \"error: The sandbox is not in sync with the Podfile.lock. Run 'pod install' or update your CocoaPods installation.\" >&2\n    exit 1\nfi\n# This output is used by Xcode 'outputs' to avoid re-running this script phase.\necho \"SUCCESS\" > \"${SCRIPT_OUTPUT_FILE_0}\"\n";
			showEnvVarsInLog = 0;
		};
		C3B827FB3757ECD062E43384 /* [CP] Embed Pods Frameworks */ = {
			isa = PBXShellScriptBuildPhase;
			buildActionMask = 2147483647;
			files = (
			);
			inputFileListPaths = (
				"${PODS_ROOT}/Target Support Files/Pods-D2020/Pods-D2020-frameworks-${CONFIGURATION}-input-files.xcfilelist",
			);
			name = "[CP] Embed Pods Frameworks";
			outputFileListPaths = (
				"${PODS_ROOT}/Target Support Files/Pods-D2020/Pods-D2020-frameworks-${CONFIGURATION}-output-files.xcfilelist",
			);
			runOnlyForDeploymentPostprocessing = 0;
			shellPath = /bin/sh;
			shellScript = "\"${PODS_ROOT}/Target Support Files/Pods-D2020/Pods-D2020-frameworks.sh\"\n";
			showEnvVarsInLog = 0;
		};
		DD95466491BF6CCA9CA80746 /* [CP] Embed Pods Frameworks */ = {
			isa = PBXShellScriptBuildPhase;
			buildActionMask = 2147483647;
			files = (
			);
			inputFileListPaths = (
				"${PODS_ROOT}/Target Support Files/Pods-D2020-D2020UITests/Pods-D2020-D2020UITests-frameworks-${CONFIGURATION}-input-files.xcfilelist",
			);
			name = "[CP] Embed Pods Frameworks";
			outputFileListPaths = (
				"${PODS_ROOT}/Target Support Files/Pods-D2020-D2020UITests/Pods-D2020-D2020UITests-frameworks-${CONFIGURATION}-output-files.xcfilelist",
			);
			runOnlyForDeploymentPostprocessing = 0;
			shellPath = /bin/sh;
			shellScript = "\"${PODS_ROOT}/Target Support Files/Pods-D2020-D2020UITests/Pods-D2020-D2020UITests-frameworks.sh\"\n";
			showEnvVarsInLog = 0;
		};
		F2937F10F36B4EE7380F9BEF /* [CP] Check Pods Manifest.lock */ = {
			isa = PBXShellScriptBuildPhase;
			buildActionMask = 2147483647;
			files = (
			);
			inputFileListPaths = (
			);
			inputPaths = (
				"${PODS_PODFILE_DIR_PATH}/Podfile.lock",
				"${PODS_ROOT}/Manifest.lock",
			);
			name = "[CP] Check Pods Manifest.lock";
			outputFileListPaths = (
			);
			outputPaths = (
				"$(DERIVED_FILE_DIR)/Pods-D2020Tests-checkManifestLockResult.txt",
			);
			runOnlyForDeploymentPostprocessing = 0;
			shellPath = /bin/sh;
			shellScript = "diff \"${PODS_PODFILE_DIR_PATH}/Podfile.lock\" \"${PODS_ROOT}/Manifest.lock\" > /dev/null\nif [ $? != 0 ] ; then\n    # print error to STDERR\n    echo \"error: The sandbox is not in sync with the Podfile.lock. Run 'pod install' or update your CocoaPods installation.\" >&2\n    exit 1\nfi\n# This output is used by Xcode 'outputs' to avoid re-running this script phase.\necho \"SUCCESS\" > \"${SCRIPT_OUTPUT_FILE_0}\"\n";
			showEnvVarsInLog = 0;
		};
/* End PBXShellScriptBuildPhase section */

/* Begin PBXSourcesBuildPhase section */
		FA59631526611FCF00A8C119 /* Sources */ = {
			isa = PBXSourcesBuildPhase;
			buildActionMask = 2147483647;
			files = (
				D957646E268256B800CD748F /* UserDefaultKeys.swift in Sources */,
				FAA776A826619A2600D65636 /* MainViewController.swift in Sources */,
				FA9F102D269C6D6C000C42B3 /* Splash.swift in Sources */,
				FA7CA29E2679820200A8238C /* SingleStoreDetailsVC.swift in Sources */,
				D957646C26824F1A00CD748F /* LoginResponse.swift in Sources */,
				FA0AAF2F26646BDE005E9E35 /* Localization.swift in Sources */,
				FA4AF3C826992DB300DC8296 /* UpdatePassword.swift in Sources */,
				FA17AB6D267DC3CD00F02F03 /* WorkTimeCell.swift in Sources */,
				FA21A56C26628BCF0085CA25 /* CountryCell.swift in Sources */,
				D9CF8555269E346E0016992B /* UpdateProfileResponse.swift in Sources */,
				FA2DC39B268054E2004FBF9E /* MapVC.swift in Sources */,
				FA0AAF3926655BA3005E9E35 /* UploadForStoreVC.swift in Sources */,
				FA273C7B267B20AA0060A32D /* ServiceCell.swift in Sources */,
				FA7C0D73268D9AB8008D7A9A /* FavouriteVC.swift in Sources */,
				FA17AB67267DB4B700F02F03 /* WorkTimeVC.swift in Sources */,
				FA7CA2682677FA7900A8238C /* CheckOrderVC.swift in Sources */,
				FA0AAF3E26655BEA005E9E35 /* UploadForMandoopVC.swift in Sources */,
				FACA9E852671E3890014B9DA /* SectionsCell.swift in Sources */,
				FA7CA26D2677FD9E00A8238C /* DelegateRateVC.swift in Sources */,
				FA122C75268AEAC3008BCA3C /* Stores.swift in Sources */,
				FAFDB05E266ABAC100CD08A1 /* MorePlacesVC.swift in Sources */,
				FA122C80268AFFA0008BCA3C /* SubCategoryStores.swift in Sources */,
				FA122C64268ADD5A008BCA3C /* SubCategories.swift in Sources */,
				FA771348269B2BFB00D8B09E /* RegisterVC.swift in Sources */,
				FA21A57226628D150085CA25 /* LanguageController.swift in Sources */,
				FA122C44268AC000008BCA3C /* Categories.swift in Sources */,
				FA4AF3BB26992C7C00DC8296 /* ChangePasswordVC.swift in Sources */,
				FA0840A7269B81E200B6363C /* SelectMapVC.swift in Sources */,
				FA7CA2862679734800A8238C /* NotificationVC.swift in Sources */,
				FA502B582683ED64005A61DD /* Cities.swift in Sources */,
				FA30256926799C09000E0DC8 /* ProductCell.swift in Sources */,
				FAF5CDB026669A7E0002E1CB /* CategoryCell.swift in Sources */,
				FAB69A13269BECB70030E1F6 /* About.swift in Sources */,
				FA9F1038269C7BEA000C42B3 /* SearchVC.swift in Sources */,
				FAC780912672F8A3008E73D8 /* CategoriesVC.swift in Sources */,
				FA0AAF4826655F02005E9E35 /* HomeVC.swift in Sources */,
				FACB1EF4268DB04D00299506 /* StoreDetails.swift in Sources */,
				FA084068269B6C3800B6363C /* SavedStores.swift in Sources */,
				FAA7771026619FF600D65636 /* PageViewController.swift in Sources */,
				FA611E03267AE79C00A3AD3B /* ProductVC.swift in Sources */,
				FAC780972672F8E7008E73D8 /* CategoriesCell.swift in Sources */,
				FA09B15F266332A20078DCC0 /* loginViewController.swift in Sources */,
				FA5963912661493400A8C119 /* AppDelegate.swift in Sources */,
				FA5963A226616F1700A8C119 /* SplashController.swift in Sources */,
				FA611DFB267A802700A3AD3B /* PremiumVC.swift in Sources */,
				FA2DC2C2267F6E14004FBF9E /* ContactCell.swift in Sources */,
				FA7CA27A2677FF0000A8238C /* SendReportVC.swift in Sources */,
				FAD2889C26769A1A009A4C30 /* SubcategoryStoresVC.swift in Sources */,
				FA59635C26612D0A00A8C119 /* BaseController.swift in Sources */,
				FA5963B52661930000A8C119 /* SecondSplashController.swift in Sources */,
				FAF56A54266FFDAD009C6A3C /* UpgradeAccountVC.swift in Sources */,
				FAB699FA269BCEAA0030E1F6 /* CitiesCell.swift in Sources */,
				FA502B502683AF2A005A61DD /* ProfileVC.swift in Sources */,
				FA7CA280267928DA00A8238C /* NotificationCell.swift in Sources */,
				FA2DC2BC267F674E004FBF9E /* ContactVC.swift in Sources */,
				FA0AAF4326655D31005E9E35 /* SigninVC.swift in Sources */,
				FA7A6410267B2E0000DAE9FF /* RateCell.swift in Sources */,
				FACB1EA5268D9F2600299506 /* ConversationVC.swift in Sources */,
				FA849B82268D4F0E0071CA3A /* OrderFilterVC.swift in Sources */,
				D957646926824DBE00CD748F /* APIConstant.swift in Sources */,
				FAF5CDC42666E2A80002E1CB /* PlacesCell.swift in Sources */,
				FAFDB063266AEA1E00CD08A1 /* MenuVC.swift in Sources */,
				FAB69A36269BF3290030E1F6 /* ContactUsVC.swift in Sources */,
				FAFDB03A266AAEAA00CD08A1 /* MoreCategoriesVC.swift in Sources */,
				FA0AAF5426657BF0005E9E35 /* SliderCell.swift in Sources */,
				FAB69A0E269BE9100030E1F6 /* AboutVC.swift in Sources */,
				FAC780A526747968008E73D8 /* SubCategoryCell.swift in Sources */,
				D9901E0B269C94B000F631CA /* LanguageHandler.swift in Sources */,
				FACB1EAA268D9F5D00299506 /* ChatViewController.swift in Sources */,
				FA59631F26611FCF00A8C119 /* SceneDelegate.swift in Sources */,
			);
			runOnlyForDeploymentPostprocessing = 0;
		};
		FA59632B26611FD300A8C119 /* Sources */ = {
			isa = PBXSourcesBuildPhase;
			buildActionMask = 2147483647;
			files = (
				FA59633426611FD300A8C119 /* D2020Tests.swift in Sources */,
			);
			runOnlyForDeploymentPostprocessing = 0;
		};
		FA59633626611FD300A8C119 /* Sources */ = {
			isa = PBXSourcesBuildPhase;
			buildActionMask = 2147483647;
			files = (
				FA59633F26611FD300A8C119 /* D2020UITests.swift in Sources */,
			);
			runOnlyForDeploymentPostprocessing = 0;
		};
/* End PBXSourcesBuildPhase section */

/* Begin PBXTargetDependency section */
		FA59633126611FD300A8C119 /* PBXTargetDependency */ = {
			isa = PBXTargetDependency;
			target = FA59631826611FCF00A8C119 /* D2020 */;
			targetProxy = FA59633026611FD300A8C119 /* PBXContainerItemProxy */;
		};
		FA59633C26611FD300A8C119 /* PBXTargetDependency */ = {
			isa = PBXTargetDependency;
			target = FA59631826611FCF00A8C119 /* D2020 */;
			targetProxy = FA59633B26611FD300A8C119 /* PBXContainerItemProxy */;
		};
/* End PBXTargetDependency section */

/* Begin PBXVariantGroup section */
		FA59632726611FD200A8C119 /* LaunchScreen.storyboard */ = {
			isa = PBXVariantGroup;
			children = (
				FA59632826611FD200A8C119 /* Base */,
				FAFDB044266AB1E300CD08A1 /* ar-EG */,
			);
			name = LaunchScreen.storyboard;
			sourceTree = "<group>";
		};
		FAFDB04A266AB23400CD08A1 /* localize.strings */ = {
			isa = PBXVariantGroup;
			children = (
				FAFDB049266AB23400CD08A1 /* en */,
				FAFDB04E266AB23800CD08A1 /* ar-EG */,
			);
			name = localize.strings;
			sourceTree = "<group>";
		};
/* End PBXVariantGroup section */

/* Begin XCBuildConfiguration section */
		FA59634126611FD300A8C119 /* Debug */ = {
			isa = XCBuildConfiguration;
			buildSettings = {
				ALWAYS_SEARCH_USER_PATHS = NO;
				CLANG_ANALYZER_LOCALIZABILITY_NONLOCALIZED = YES;
				CLANG_ANALYZER_NONNULL = YES;
				CLANG_ANALYZER_NUMBER_OBJECT_CONVERSION = YES_AGGRESSIVE;
				CLANG_CXX_LANGUAGE_STANDARD = "gnu++14";
				CLANG_CXX_LIBRARY = "libc++";
				CLANG_ENABLE_MODULES = YES;
				CLANG_ENABLE_OBJC_ARC = YES;
				CLANG_ENABLE_OBJC_WEAK = YES;
				CLANG_WARN_BLOCK_CAPTURE_AUTORELEASING = YES;
				CLANG_WARN_BOOL_CONVERSION = YES;
				CLANG_WARN_COMMA = YES;
				CLANG_WARN_CONSTANT_CONVERSION = YES;
				CLANG_WARN_DEPRECATED_OBJC_IMPLEMENTATIONS = YES;
				CLANG_WARN_DIRECT_OBJC_ISA_USAGE = YES_ERROR;
				CLANG_WARN_DOCUMENTATION_COMMENTS = YES;
				CLANG_WARN_EMPTY_BODY = YES;
				CLANG_WARN_ENUM_CONVERSION = YES;
				CLANG_WARN_INFINITE_RECURSION = YES;
				CLANG_WARN_INT_CONVERSION = YES;
				CLANG_WARN_NON_LITERAL_NULL_CONVERSION = YES;
				CLANG_WARN_OBJC_IMPLICIT_RETAIN_SELF = YES;
				CLANG_WARN_OBJC_LITERAL_CONVERSION = YES;
				CLANG_WARN_OBJC_ROOT_CLASS = YES_ERROR;
				CLANG_WARN_QUOTED_INCLUDE_IN_FRAMEWORK_HEADER = YES;
				CLANG_WARN_RANGE_LOOP_ANALYSIS = YES;
				CLANG_WARN_STRICT_PROTOTYPES = YES;
				CLANG_WARN_SUSPICIOUS_MOVE = YES;
				CLANG_WARN_UNGUARDED_AVAILABILITY = YES_AGGRESSIVE;
				CLANG_WARN_UNREACHABLE_CODE = YES;
				CLANG_WARN__DUPLICATE_METHOD_MATCH = YES;
				COPY_PHASE_STRIP = NO;
				DEBUG_INFORMATION_FORMAT = dwarf;
				ENABLE_STRICT_OBJC_MSGSEND = YES;
				ENABLE_TESTABILITY = YES;
				GCC_C_LANGUAGE_STANDARD = gnu11;
				GCC_DYNAMIC_NO_PIC = NO;
				GCC_NO_COMMON_BLOCKS = YES;
				GCC_OPTIMIZATION_LEVEL = 0;
				GCC_PREPROCESSOR_DEFINITIONS = (
					"DEBUG=1",
					"$(inherited)",
				);
				GCC_WARN_64_TO_32_BIT_CONVERSION = YES;
				GCC_WARN_ABOUT_RETURN_TYPE = YES_ERROR;
				GCC_WARN_UNDECLARED_SELECTOR = YES;
				GCC_WARN_UNINITIALIZED_AUTOS = YES_AGGRESSIVE;
				GCC_WARN_UNUSED_FUNCTION = YES;
				GCC_WARN_UNUSED_VARIABLE = YES;
				IPHONEOS_DEPLOYMENT_TARGET = 14.1;
				MTL_ENABLE_DEBUG_INFO = INCLUDE_SOURCE;
				MTL_FAST_MATH = YES;
				ONLY_ACTIVE_ARCH = YES;
				SDKROOT = iphoneos;
				SWIFT_ACTIVE_COMPILATION_CONDITIONS = DEBUG;
				SWIFT_OPTIMIZATION_LEVEL = "-Onone";
			};
			name = Debug;
		};
		FA59634226611FD300A8C119 /* Release */ = {
			isa = XCBuildConfiguration;
			buildSettings = {
				ALWAYS_SEARCH_USER_PATHS = NO;
				CLANG_ANALYZER_LOCALIZABILITY_NONLOCALIZED = YES;
				CLANG_ANALYZER_NONNULL = YES;
				CLANG_ANALYZER_NUMBER_OBJECT_CONVERSION = YES_AGGRESSIVE;
				CLANG_CXX_LANGUAGE_STANDARD = "gnu++14";
				CLANG_CXX_LIBRARY = "libc++";
				CLANG_ENABLE_MODULES = YES;
				CLANG_ENABLE_OBJC_ARC = YES;
				CLANG_ENABLE_OBJC_WEAK = YES;
				CLANG_WARN_BLOCK_CAPTURE_AUTORELEASING = YES;
				CLANG_WARN_BOOL_CONVERSION = YES;
				CLANG_WARN_COMMA = YES;
				CLANG_WARN_CONSTANT_CONVERSION = YES;
				CLANG_WARN_DEPRECATED_OBJC_IMPLEMENTATIONS = YES;
				CLANG_WARN_DIRECT_OBJC_ISA_USAGE = YES_ERROR;
				CLANG_WARN_DOCUMENTATION_COMMENTS = YES;
				CLANG_WARN_EMPTY_BODY = YES;
				CLANG_WARN_ENUM_CONVERSION = YES;
				CLANG_WARN_INFINITE_RECURSION = YES;
				CLANG_WARN_INT_CONVERSION = YES;
				CLANG_WARN_NON_LITERAL_NULL_CONVERSION = YES;
				CLANG_WARN_OBJC_IMPLICIT_RETAIN_SELF = YES;
				CLANG_WARN_OBJC_LITERAL_CONVERSION = YES;
				CLANG_WARN_OBJC_ROOT_CLASS = YES_ERROR;
				CLANG_WARN_QUOTED_INCLUDE_IN_FRAMEWORK_HEADER = YES;
				CLANG_WARN_RANGE_LOOP_ANALYSIS = YES;
				CLANG_WARN_STRICT_PROTOTYPES = YES;
				CLANG_WARN_SUSPICIOUS_MOVE = YES;
				CLANG_WARN_UNGUARDED_AVAILABILITY = YES_AGGRESSIVE;
				CLANG_WARN_UNREACHABLE_CODE = YES;
				CLANG_WARN__DUPLICATE_METHOD_MATCH = YES;
				COPY_PHASE_STRIP = NO;
				DEBUG_INFORMATION_FORMAT = "dwarf-with-dsym";
				ENABLE_NS_ASSERTIONS = NO;
				ENABLE_STRICT_OBJC_MSGSEND = YES;
				GCC_C_LANGUAGE_STANDARD = gnu11;
				GCC_NO_COMMON_BLOCKS = YES;
				GCC_WARN_64_TO_32_BIT_CONVERSION = YES;
				GCC_WARN_ABOUT_RETURN_TYPE = YES_ERROR;
				GCC_WARN_UNDECLARED_SELECTOR = YES;
				GCC_WARN_UNINITIALIZED_AUTOS = YES_AGGRESSIVE;
				GCC_WARN_UNUSED_FUNCTION = YES;
				GCC_WARN_UNUSED_VARIABLE = YES;
				IPHONEOS_DEPLOYMENT_TARGET = 14.1;
				MTL_ENABLE_DEBUG_INFO = NO;
				MTL_FAST_MATH = YES;
				SDKROOT = iphoneos;
				SWIFT_COMPILATION_MODE = wholemodule;
				SWIFT_OPTIMIZATION_LEVEL = "-O";
				VALIDATE_PRODUCT = YES;
			};
			name = Release;
		};
		FA59634426611FD300A8C119 /* Debug */ = {
			isa = XCBuildConfiguration;
			baseConfigurationReference = 9F5C7BDA6C65748DFF7ADFDC /* Pods-D2020.debug.xcconfig */;
			buildSettings = {
				ASSETCATALOG_COMPILER_APPICON_NAME = AppIcon;
				ASSETCATALOG_COMPILER_GLOBAL_ACCENT_COLOR_NAME = AccentColor;
				CODE_SIGN_STYLE = Automatic;
				CURRENT_PROJECT_VERSION = 2;
				DEVELOPMENT_TEAM = ZF49JPTK6W;
				INFOPLIST_FILE = D2020/Info.plist;
				IPHONEOS_DEPLOYMENT_TARGET = 13.3;
				LD_RUNPATH_SEARCH_PATHS = (
					"$(inherited)",
					"@executable_path/Frameworks",
				);
				PRODUCT_BUNDLE_IDENTIFIER = rahma.D2020;
				PRODUCT_NAME = "$(TARGET_NAME)";
				SWIFT_VERSION = 5.0;
				TARGETED_DEVICE_FAMILY = "1,2";
			};
			name = Debug;
		};
		FA59634526611FD300A8C119 /* Release */ = {
			isa = XCBuildConfiguration;
			baseConfigurationReference = 43FDADBDECF46403FD3F19C0 /* Pods-D2020.release.xcconfig */;
			buildSettings = {
				ASSETCATALOG_COMPILER_APPICON_NAME = AppIcon;
				ASSETCATALOG_COMPILER_GLOBAL_ACCENT_COLOR_NAME = AccentColor;
				CODE_SIGN_STYLE = Automatic;
				CURRENT_PROJECT_VERSION = 2;
				DEVELOPMENT_TEAM = ZF49JPTK6W;
				INFOPLIST_FILE = D2020/Info.plist;
				IPHONEOS_DEPLOYMENT_TARGET = 13.3;
				LD_RUNPATH_SEARCH_PATHS = (
					"$(inherited)",
					"@executable_path/Frameworks",
				);
				PRODUCT_BUNDLE_IDENTIFIER = rahma.D2020;
				PRODUCT_NAME = "$(TARGET_NAME)";
				SWIFT_VERSION = 5.0;
				TARGETED_DEVICE_FAMILY = "1,2";
			};
			name = Release;
		};
		FA59634726611FD300A8C119 /* Debug */ = {
			isa = XCBuildConfiguration;
			baseConfigurationReference = 6D1D8AFAE159B3A9008B3179 /* Pods-D2020Tests.debug.xcconfig */;
			buildSettings = {
				ALWAYS_EMBED_SWIFT_STANDARD_LIBRARIES = YES;
				BUNDLE_LOADER = "$(TEST_HOST)";
				CODE_SIGN_STYLE = Automatic;
				INFOPLIST_FILE = D2020Tests/Info.plist;
				IPHONEOS_DEPLOYMENT_TARGET = 14.1;
				LD_RUNPATH_SEARCH_PATHS = (
					"$(inherited)",
					"@executable_path/Frameworks",
					"@loader_path/Frameworks",
				);
				PRODUCT_BUNDLE_IDENTIFIER = rahma.D2020Tests;
				PRODUCT_NAME = "$(TARGET_NAME)";
				SWIFT_VERSION = 5.0;
				TARGETED_DEVICE_FAMILY = "1,2";
				TEST_HOST = "$(BUILT_PRODUCTS_DIR)/D2020.app/D2020";
			};
			name = Debug;
		};
		FA59634826611FD300A8C119 /* Release */ = {
			isa = XCBuildConfiguration;
			baseConfigurationReference = 3F4F9E4E14BDE115A5E88B3B /* Pods-D2020Tests.release.xcconfig */;
			buildSettings = {
				ALWAYS_EMBED_SWIFT_STANDARD_LIBRARIES = YES;
				BUNDLE_LOADER = "$(TEST_HOST)";
				CODE_SIGN_STYLE = Automatic;
				INFOPLIST_FILE = D2020Tests/Info.plist;
				IPHONEOS_DEPLOYMENT_TARGET = 14.1;
				LD_RUNPATH_SEARCH_PATHS = (
					"$(inherited)",
					"@executable_path/Frameworks",
					"@loader_path/Frameworks",
				);
				PRODUCT_BUNDLE_IDENTIFIER = rahma.D2020Tests;
				PRODUCT_NAME = "$(TARGET_NAME)";
				SWIFT_VERSION = 5.0;
				TARGETED_DEVICE_FAMILY = "1,2";
				TEST_HOST = "$(BUILT_PRODUCTS_DIR)/D2020.app/D2020";
			};
			name = Release;
		};
		FA59634A26611FD300A8C119 /* Debug */ = {
			isa = XCBuildConfiguration;
			baseConfigurationReference = 1956D336364A1FC1B87A8047 /* Pods-D2020-D2020UITests.debug.xcconfig */;
			buildSettings = {
				ALWAYS_EMBED_SWIFT_STANDARD_LIBRARIES = YES;
				CODE_SIGN_STYLE = Automatic;
				INFOPLIST_FILE = D2020UITests/Info.plist;
				LD_RUNPATH_SEARCH_PATHS = (
					"$(inherited)",
					"@executable_path/Frameworks",
					"@loader_path/Frameworks",
				);
				PRODUCT_BUNDLE_IDENTIFIER = rahma.D2020UITests;
				PRODUCT_NAME = "$(TARGET_NAME)";
				SWIFT_VERSION = 5.0;
				TARGETED_DEVICE_FAMILY = "1,2";
				TEST_TARGET_NAME = D2020;
			};
			name = Debug;
		};
		FA59634B26611FD300A8C119 /* Release */ = {
			isa = XCBuildConfiguration;
			baseConfigurationReference = 77AA252099B55DFF60C14E18 /* Pods-D2020-D2020UITests.release.xcconfig */;
			buildSettings = {
				ALWAYS_EMBED_SWIFT_STANDARD_LIBRARIES = YES;
				CODE_SIGN_STYLE = Automatic;
				INFOPLIST_FILE = D2020UITests/Info.plist;
				LD_RUNPATH_SEARCH_PATHS = (
					"$(inherited)",
					"@executable_path/Frameworks",
					"@loader_path/Frameworks",
				);
				PRODUCT_BUNDLE_IDENTIFIER = rahma.D2020UITests;
				PRODUCT_NAME = "$(TARGET_NAME)";
				SWIFT_VERSION = 5.0;
				TARGETED_DEVICE_FAMILY = "1,2";
				TEST_TARGET_NAME = D2020;
			};
			name = Release;
		};
/* End XCBuildConfiguration section */

/* Begin XCConfigurationList section */
		FA59631426611FCF00A8C119 /* Build configuration list for PBXProject "D2020" */ = {
			isa = XCConfigurationList;
			buildConfigurations = (
				FA59634126611FD300A8C119 /* Debug */,
				FA59634226611FD300A8C119 /* Release */,
			);
			defaultConfigurationIsVisible = 0;
			defaultConfigurationName = Release;
		};
		FA59634326611FD300A8C119 /* Build configuration list for PBXNativeTarget "D2020" */ = {
			isa = XCConfigurationList;
			buildConfigurations = (
				FA59634426611FD300A8C119 /* Debug */,
				FA59634526611FD300A8C119 /* Release */,
			);
			defaultConfigurationIsVisible = 0;
			defaultConfigurationName = Release;
		};
		FA59634626611FD300A8C119 /* Build configuration list for PBXNativeTarget "D2020Tests" */ = {
			isa = XCConfigurationList;
			buildConfigurations = (
				FA59634726611FD300A8C119 /* Debug */,
				FA59634826611FD300A8C119 /* Release */,
			);
			defaultConfigurationIsVisible = 0;
			defaultConfigurationName = Release;
		};
		FA59634926611FD300A8C119 /* Build configuration list for PBXNativeTarget "D2020UITests" */ = {
			isa = XCConfigurationList;
			buildConfigurations = (
				FA59634A26611FD300A8C119 /* Debug */,
				FA59634B26611FD300A8C119 /* Release */,
			);
			defaultConfigurationIsVisible = 0;
			defaultConfigurationName = Release;
		};
/* End XCConfigurationList section */
	};
	rootObject = FA59631126611FCF00A8C119 /* Project object */;
}
